// !$*UTF8*$!
{
	archiveVersion = 1;
	classes = {
	};
	objectVersion = 48;
	objects = {

/* Begin PBXBuildFile section */
		E5F5AEAD1FF69E0B002EAD47 /* main.swift in Sources */ = {isa = PBXBuildFile; fileRef = E5F5AEAC1FF69E0B002EAD47 /* main.swift */; };
		E5F5AEB41FF69E53002EAD47 /* Lox.swift in Sources */ = {isa = PBXBuildFile; fileRef = E5F5AEB31FF69E53002EAD47 /* Lox.swift */; };
		E5F5AEB61FF6ADAA002EAD47 /* Interpreter.swift in Sources */ = {isa = PBXBuildFile; fileRef = E5F5AEB51FF6ADAA002EAD47 /* Interpreter.swift */; };
		E5F5AEB91FF6AEEB002EAD47 /* Token.swift in Sources */ = {isa = PBXBuildFile; fileRef = E5F5AEB81FF6AEEB002EAD47 /* Token.swift */; };
		E5F5AEBB1FF6AF28002EAD47 /* TokenType.swift in Sources */ = {isa = PBXBuildFile; fileRef = E5F5AEBA1FF6AF28002EAD47 /* TokenType.swift */; };
		E5F5AEBD1FF6B106002EAD47 /* Scanner.swift in Sources */ = {isa = PBXBuildFile; fileRef = E5F5AEBC1FF6B106002EAD47 /* Scanner.swift */; };
		E5F5AEBF1FF6B710002EAD47 /* Helpers.swift in Sources */ = {isa = PBXBuildFile; fileRef = E5F5AEBE1FF6B710002EAD47 /* Helpers.swift */; };
		E5F5AEC11FF6C065002EAD47 /* LoxCallable.swift in Sources */ = {isa = PBXBuildFile; fileRef = E5F5AEC01FF6C065002EAD47 /* LoxCallable.swift */; };
		E5F5AEC31FF6C0E3002EAD47 /* LoxClass.swift in Sources */ = {isa = PBXBuildFile; fileRef = E5F5AEC21FF6C0E3002EAD47 /* LoxClass.swift */; };
		E5F5AEC51FF6C14F002EAD47 /* LoxFunction.swift in Sources */ = {isa = PBXBuildFile; fileRef = E5F5AEC41FF6C14F002EAD47 /* LoxFunction.swift */; };
		E5F5AEC71FF6C197002EAD47 /* LoxInstance.swift in Sources */ = {isa = PBXBuildFile; fileRef = E5F5AEC61FF6C197002EAD47 /* LoxInstance.swift */; };
		E5F5AEC91FF6C295002EAD47 /* Stmt.swift in Sources */ = {isa = PBXBuildFile; fileRef = E5F5AEC81FF6C295002EAD47 /* Stmt.swift */; };
		E5F5AECB1FF6C5FC002EAD47 /* Expr.swift in Sources */ = {isa = PBXBuildFile; fileRef = E5F5AECA1FF6C5FB002EAD47 /* Expr.swift */; };
		E5F5AECD1FF6C9F3002EAD47 /* Environment.swift in Sources */ = {isa = PBXBuildFile; fileRef = E5F5AECC1FF6C9F3002EAD47 /* Environment.swift */; };
		E5F5AECF1FF6CC02002EAD47 /* RuntimeError.swift in Sources */ = {isa = PBXBuildFile; fileRef = E5F5AECE1FF6CC02002EAD47 /* RuntimeError.swift */; };
		E5F5AED11FF6CDFF002EAD47 /* Return.swift in Sources */ = {isa = PBXBuildFile; fileRef = E5F5AED01FF6CDFF002EAD47 /* Return.swift */; };
		E5F5AED31FF6D2B6002EAD47 /* Parser.swift in Sources */ = {isa = PBXBuildFile; fileRef = E5F5AED21FF6D2B6002EAD47 /* Parser.swift */; };
		E5F5AED51FF6D2C5002EAD47 /* Resolver.swift in Sources */ = {isa = PBXBuildFile; fileRef = E5F5AED41FF6D2C5002EAD47 /* Resolver.swift */; };
/* End PBXBuildFile section */

/* Begin PBXCopyFilesBuildPhase section */
		E5F5AEA71FF69E0B002EAD47 /* CopyFiles */ = {
			isa = PBXCopyFilesBuildPhase;
			buildActionMask = 2147483647;
			dstPath = /usr/share/man/man1/;
			dstSubfolderSpec = 0;
			files = (
			);
			runOnlyForDeploymentPostprocessing = 1;
		};
/* End PBXCopyFilesBuildPhase section */

/* Begin PBXFileReference section */
		E5F5AEA91FF69E0B002EAD47 /* slox */ = {isa = PBXFileReference; explicitFileType = "compiled.mach-o.executable"; includeInIndex = 0; path = slox; sourceTree = BUILT_PRODUCTS_DIR; };
		E5F5AEAC1FF69E0B002EAD47 /* main.swift */ = {isa = PBXFileReference; lastKnownFileType = sourcecode.swift; path = main.swift; sourceTree = "<group>"; };
		E5F5AEB31FF69E53002EAD47 /* Lox.swift */ = {isa = PBXFileReference; lastKnownFileType = sourcecode.swift; path = Lox.swift; sourceTree = "<group>"; };
		E5F5AEB51FF6ADAA002EAD47 /* Interpreter.swift */ = {isa = PBXFileReference; lastKnownFileType = sourcecode.swift; path = Interpreter.swift; sourceTree = "<group>"; };
		E5F5AEB71FF6AE3A002EAD47 /* lox.txt */ = {isa = PBXFileReference; lastKnownFileType = text; path = lox.txt; sourceTree = "<group>"; };
		E5F5AEB81FF6AEEB002EAD47 /* Token.swift */ = {isa = PBXFileReference; lastKnownFileType = sourcecode.swift; path = Token.swift; sourceTree = "<group>"; };
		E5F5AEBA1FF6AF28002EAD47 /* TokenType.swift */ = {isa = PBXFileReference; lastKnownFileType = sourcecode.swift; path = TokenType.swift; sourceTree = "<group>"; };
		E5F5AEBC1FF6B106002EAD47 /* Scanner.swift */ = {isa = PBXFileReference; lastKnownFileType = sourcecode.swift; path = Scanner.swift; sourceTree = "<group>"; };
		E5F5AEBE1FF6B710002EAD47 /* Helpers.swift */ = {isa = PBXFileReference; lastKnownFileType = sourcecode.swift; path = Helpers.swift; sourceTree = "<group>"; };
		E5F5AEC01FF6C065002EAD47 /* LoxCallable.swift */ = {isa = PBXFileReference; lastKnownFileType = sourcecode.swift; path = LoxCallable.swift; sourceTree = "<group>"; };
		E5F5AEC21FF6C0E3002EAD47 /* LoxClass.swift */ = {isa = PBXFileReference; lastKnownFileType = sourcecode.swift; path = LoxClass.swift; sourceTree = "<group>"; };
		E5F5AEC41FF6C14F002EAD47 /* LoxFunction.swift */ = {isa = PBXFileReference; lastKnownFileType = sourcecode.swift; path = LoxFunction.swift; sourceTree = "<group>"; };
		E5F5AEC61FF6C197002EAD47 /* LoxInstance.swift */ = {isa = PBXFileReference; lastKnownFileType = sourcecode.swift; path = LoxInstance.swift; sourceTree = "<group>"; };
		E5F5AEC81FF6C295002EAD47 /* Stmt.swift */ = {isa = PBXFileReference; lastKnownFileType = sourcecode.swift; path = Stmt.swift; sourceTree = "<group>"; };
		E5F5AECA1FF6C5FB002EAD47 /* Expr.swift */ = {isa = PBXFileReference; lastKnownFileType = sourcecode.swift; path = Expr.swift; sourceTree = "<group>"; };
		E5F5AECC1FF6C9F3002EAD47 /* Environment.swift */ = {isa = PBXFileReference; lastKnownFileType = sourcecode.swift; path = Environment.swift; sourceTree = "<group>"; };
		E5F5AECE1FF6CC02002EAD47 /* RuntimeError.swift */ = {isa = PBXFileReference; lastKnownFileType = sourcecode.swift; path = RuntimeError.swift; sourceTree = "<group>"; };
		E5F5AED01FF6CDFF002EAD47 /* Return.swift */ = {isa = PBXFileReference; lastKnownFileType = sourcecode.swift; path = Return.swift; sourceTree = "<group>"; };
		E5F5AED21FF6D2B6002EAD47 /* Parser.swift */ = {isa = PBXFileReference; lastKnownFileType = sourcecode.swift; path = Parser.swift; sourceTree = "<group>"; };
		E5F5AED41FF6D2C5002EAD47 /* Resolver.swift */ = {isa = PBXFileReference; lastKnownFileType = sourcecode.swift; path = Resolver.swift; sourceTree = "<group>"; };
/* End PBXFileReference section */

/* Begin PBXFrameworksBuildPhase section */
		E5F5AEA61FF69E0B002EAD47 /* Frameworks */ = {
			isa = PBXFrameworksBuildPhase;
			buildActionMask = 2147483647;
			files = (
			);
			runOnlyForDeploymentPostprocessing = 0;
		};
/* End PBXFrameworksBuildPhase section */

/* Begin PBXGroup section */
		E5F5AEA01FF69E0B002EAD47 = {
			isa = PBXGroup;
			children = (
				E5F5AEAB1FF69E0B002EAD47 /* slox */,
				E5F5AEAA1FF69E0B002EAD47 /* Products */,
			);
			sourceTree = "<group>";
		};
		E5F5AEAA1FF69E0B002EAD47 /* Products */ = {
			isa = PBXGroup;
			children = (
				E5F5AEA91FF69E0B002EAD47 /* slox */,
			);
			name = Products;
			sourceTree = "<group>";
		};
		E5F5AEAB1FF69E0B002EAD47 /* slox */ = {
			isa = PBXGroup;
			children = (
				E5F5AEB71FF6AE3A002EAD47 /* lox.txt */,
				E5F5AEBE1FF6B710002EAD47 /* Helpers.swift */,
				E5F5AEAC1FF69E0B002EAD47 /* main.swift */,
				E5F5AECC1FF6C9F3002EAD47 /* Environment.swift */,
				E5F5AECA1FF6C5FB002EAD47 /* Expr.swift */,
				E5F5AEB51FF6ADAA002EAD47 /* Interpreter.swift */,
				E5F5AEB31FF69E53002EAD47 /* Lox.swift */,
				E5F5AEC01FF6C065002EAD47 /* LoxCallable.swift */,
				E5F5AEC21FF6C0E3002EAD47 /* LoxClass.swift */,
				E5F5AEC41FF6C14F002EAD47 /* LoxFunction.swift */,
				E5F5AEC61FF6C197002EAD47 /* LoxInstance.swift */,
				E5F5AED21FF6D2B6002EAD47 /* Parser.swift */,
				E5F5AED41FF6D2C5002EAD47 /* Resolver.swift */,
				E5F5AED01FF6CDFF002EAD47 /* Return.swift */,
				E5F5AECE1FF6CC02002EAD47 /* RuntimeError.swift */,
				E5F5AEBC1FF6B106002EAD47 /* Scanner.swift */,
				E5F5AEC81FF6C295002EAD47 /* Stmt.swift */,
				E5F5AEB81FF6AEEB002EAD47 /* Token.swift */,
				E5F5AEBA1FF6AF28002EAD47 /* TokenType.swift */,
			);
			path = slox;
			sourceTree = "<group>";
		};
/* End PBXGroup section */

/* Begin PBXNativeTarget section */
		E5F5AEA81FF69E0B002EAD47 /* slox */ = {
			isa = PBXNativeTarget;
			buildConfigurationList = E5F5AEB01FF69E0B002EAD47 /* Build configuration list for PBXNativeTarget "slox" */;
			buildPhases = (
				E5F5AEA51FF69E0B002EAD47 /* Sources */,
				E5F5AEA61FF69E0B002EAD47 /* Frameworks */,
				E5F5AEA71FF69E0B002EAD47 /* CopyFiles */,
			);
			buildRules = (
			);
			dependencies = (
			);
			name = slox;
			productName = slox;
			productReference = E5F5AEA91FF69E0B002EAD47 /* slox */;
			productType = "com.apple.product-type.tool";
		};
/* End PBXNativeTarget section */

/* Begin PBXProject section */
		E5F5AEA11FF69E0B002EAD47 /* Project object */ = {
			isa = PBXProject;
			attributes = {
				LastSwiftUpdateCheck = 0920;
				LastUpgradeCheck = 0930;
				ORGANIZATIONNAME = "Eirik Vale Aase";
				TargetAttributes = {
					E5F5AEA81FF69E0B002EAD47 = {
						CreatedOnToolsVersion = 9.2;
						ProvisioningStyle = Automatic;
					};
				};
			};
			buildConfigurationList = E5F5AEA41FF69E0B002EAD47 /* Build configuration list for PBXProject "slox" */;
			compatibilityVersion = "Xcode 8.0";
			developmentRegion = en;
			hasScannedForEncodings = 0;
			knownRegions = (
				en,
			);
			mainGroup = E5F5AEA01FF69E0B002EAD47;
			productRefGroup = E5F5AEAA1FF69E0B002EAD47 /* Products */;
			projectDirPath = "";
			projectRoot = "";
			targets = (
				E5F5AEA81FF69E0B002EAD47 /* slox */,
			);
		};
/* End PBXProject section */

/* Begin PBXSourcesBuildPhase section */
		E5F5AEA51FF69E0B002EAD47 /* Sources */ = {
			isa = PBXSourcesBuildPhase;
			buildActionMask = 2147483647;
			files = (
				E5F5AEB61FF6ADAA002EAD47 /* Interpreter.swift in Sources */,
				E5F5AEBF1FF6B710002EAD47 /* Helpers.swift in Sources */,
				E5F5AEAD1FF69E0B002EAD47 /* main.swift in Sources */,
				E5F5AED51FF6D2C5002EAD47 /* Resolver.swift in Sources */,
				E5F5AECD1FF6C9F3002EAD47 /* Environment.swift in Sources */,
				E5F5AEB41FF69E53002EAD47 /* Lox.swift in Sources */,
				E5F5AEC31FF6C0E3002EAD47 /* LoxClass.swift in Sources */,
				E5F5AEC91FF6C295002EAD47 /* Stmt.swift in Sources */,
				E5F5AED11FF6CDFF002EAD47 /* Return.swift in Sources */,
				E5F5AEB91FF6AEEB002EAD47 /* Token.swift in Sources */,
				E5F5AEC71FF6C197002EAD47 /* LoxInstance.swift in Sources */,
				E5F5AECF1FF6CC02002EAD47 /* RuntimeError.swift in Sources */,
				E5F5AEBD1FF6B106002EAD47 /* Scanner.swift in Sources */,
				E5F5AEBB1FF6AF28002EAD47 /* TokenType.swift in Sources */,
				E5F5AECB1FF6C5FC002EAD47 /* Expr.swift in Sources */,
				E5F5AEC11FF6C065002EAD47 /* LoxCallable.swift in Sources */,
				E5F5AED31FF6D2B6002EAD47 /* Parser.swift in Sources */,
				E5F5AEC51FF6C14F002EAD47 /* LoxFunction.swift in Sources */,
			);
			runOnlyForDeploymentPostprocessing = 0;
		};
/* End PBXSourcesBuildPhase section */

/* Begin XCBuildConfiguration section */
		E5F5AEAE1FF69E0B002EAD47 /* Debug */ = {
			isa = XCBuildConfiguration;
			buildSettings = {
				ALWAYS_SEARCH_USER_PATHS = NO;
				CLANG_ANALYZER_NONNULL = YES;
				CLANG_ANALYZER_NUMBER_OBJECT_CONVERSION = YES_AGGRESSIVE;
				CLANG_CXX_LANGUAGE_STANDARD = "gnu++14";
				CLANG_CXX_LIBRARY = "libc++";
				CLANG_ENABLE_MODULES = YES;
				CLANG_ENABLE_OBJC_ARC = YES;
				CLANG_WARN_BLOCK_CAPTURE_AUTORELEASING = YES;
				CLANG_WARN_BOOL_CONVERSION = YES;
				CLANG_WARN_COMMA = YES;
				CLANG_WARN_CONSTANT_CONVERSION = YES;
				CLANG_WARN_DEPRECATED_OBJC_IMPLEMENTATIONS = YES;
				CLANG_WARN_DIRECT_OBJC_ISA_USAGE = YES_ERROR;
				CLANG_WARN_DOCUMENTATION_COMMENTS = YES;
				CLANG_WARN_EMPTY_BODY = YES;
				CLANG_WARN_ENUM_CONVERSION = YES;
				CLANG_WARN_INFINITE_RECURSION = YES;
				CLANG_WARN_INT_CONVERSION = YES;
				CLANG_WARN_NON_LITERAL_NULL_CONVERSION = YES;
				CLANG_WARN_OBJC_IMPLICIT_RETAIN_SELF = YES;
				CLANG_WARN_OBJC_LITERAL_CONVERSION = YES;
				CLANG_WARN_OBJC_ROOT_CLASS = YES_ERROR;
				CLANG_WARN_RANGE_LOOP_ANALYSIS = YES;
				CLANG_WARN_STRICT_PROTOTYPES = YES;
				CLANG_WARN_SUSPICIOUS_MOVE = YES;
				CLANG_WARN_UNGUARDED_AVAILABILITY = YES_AGGRESSIVE;
				CLANG_WARN_UNREACHABLE_CODE = YES;
				CLANG_WARN__DUPLICATE_METHOD_MATCH = YES;
				CODE_SIGN_IDENTITY = "Mac Developer";
				COPY_PHASE_STRIP = NO;
				DEBUG_INFORMATION_FORMAT = dwarf;
				ENABLE_STRICT_OBJC_MSGSEND = YES;
				ENABLE_TESTABILITY = YES;
				GCC_C_LANGUAGE_STANDARD = gnu11;
				GCC_DYNAMIC_NO_PIC = NO;
				GCC_NO_COMMON_BLOCKS = YES;
				GCC_OPTIMIZATION_LEVEL = 0;
				GCC_PREPROCESSOR_DEFINITIONS = (
					"DEBUG=1",
					"$(inherited)",
				);
				GCC_WARN_64_TO_32_BIT_CONVERSION = YES;
				GCC_WARN_ABOUT_RETURN_TYPE = YES_ERROR;
				GCC_WARN_UNDECLARED_SELECTOR = YES;
				GCC_WARN_UNINITIALIZED_AUTOS = YES_AGGRESSIVE;
				GCC_WARN_UNUSED_FUNCTION = YES;
				GCC_WARN_UNUSED_VARIABLE = YES;
				MACOSX_DEPLOYMENT_TARGET = 10.13;
				MTL_ENABLE_DEBUG_INFO = YES;
				ONLY_ACTIVE_ARCH = YES;
				SDKROOT = macosx;
				SWIFT_ACTIVE_COMPILATION_CONDITIONS = DEBUG;
				SWIFT_OPTIMIZATION_LEVEL = "-Onone";
				SWIFT_VERSION = 4.2;
			};
			name = Debug;
		};
		E5F5AEAF1FF69E0B002EAD47 /* Release */ = {
			isa = XCBuildConfiguration;
			buildSettings = {
				ALWAYS_SEARCH_USER_PATHS = NO;
				CLANG_ANALYZER_NONNULL = YES;
				CLANG_ANALYZER_NUMBER_OBJECT_CONVERSION = YES_AGGRESSIVE;
				CLANG_CXX_LANGUAGE_STANDARD = "gnu++14";
				CLANG_CXX_LIBRARY = "libc++";
				CLANG_ENABLE_MODULES = YES;
				CLANG_ENABLE_OBJC_ARC = YES;
				CLANG_WARN_BLOCK_CAPTURE_AUTORELEASING = YES;
				CLANG_WARN_BOOL_CONVERSION = YES;
				CLANG_WARN_COMMA = YES;
				CLANG_WARN_CONSTANT_CONVERSION = YES;
				CLANG_WARN_DEPRECATED_OBJC_IMPLEMENTATIONS = YES;
				CLANG_WARN_DIRECT_OBJC_ISA_USAGE = YES_ERROR;
				CLANG_WARN_DOCUMENTATION_COMMENTS = YES;
				CLANG_WARN_EMPTY_BODY = YES;
				CLANG_WARN_ENUM_CONVERSION = YES;
				CLANG_WARN_INFINITE_RECURSION = YES;
				CLANG_WARN_INT_CONVERSION = YES;
				CLANG_WARN_NON_LITERAL_NULL_CONVERSION = YES;
				CLANG_WARN_OBJC_IMPLICIT_RETAIN_SELF = YES;
				CLANG_WARN_OBJC_LITERAL_CONVERSION = YES;
				CLANG_WARN_OBJC_ROOT_CLASS = YES_ERROR;
				CLANG_WARN_RANGE_LOOP_ANALYSIS = YES;
				CLANG_WARN_STRICT_PROTOTYPES = YES;
				CLANG_WARN_SUSPICIOUS_MOVE = YES;
				CLANG_WARN_UNGUARDED_AVAILABILITY = YES_AGGRESSIVE;
				CLANG_WARN_UNREACHABLE_CODE = YES;
				CLANG_WARN__DUPLICATE_METHOD_MATCH = YES;
				CODE_SIGN_IDENTITY = "Mac Developer";
				COPY_PHASE_STRIP = NO;
				DEBUG_INFORMATION_FORMAT = "dwarf-with-dsym";
				ENABLE_NS_ASSERTIONS = NO;
				ENABLE_STRICT_OBJC_MSGSEND = YES;
				GCC_C_LANGUAGE_STANDARD = gnu11;
				GCC_NO_COMMON_BLOCKS = YES;
				GCC_WARN_64_TO_32_BIT_CONVERSION = YES;
				GCC_WARN_ABOUT_RETURN_TYPE = YES_ERROR;
				GCC_WARN_UNDECLARED_SELECTOR = YES;
				GCC_WARN_UNINITIALIZED_AUTOS = YES_AGGRESSIVE;
				GCC_WARN_UNUSED_FUNCTION = YES;
				GCC_WARN_UNUSED_VARIABLE = YES;
				MACOSX_DEPLOYMENT_TARGET = 10.13;
				MTL_ENABLE_DEBUG_INFO = NO;
				SDKROOT = macosx;
				SWIFT_OPTIMIZATION_LEVEL = "-Owholemodule";
				SWIFT_VERSION = 4.2;
			};
			name = Release;
		};
		E5F5AEB11FF69E0B002EAD47 /* Debug */ = {
			isa = XCBuildConfiguration;
			buildSettings = {
				CODE_SIGN_STYLE = Automatic;
				DEVELOPMENT_TEAM = N37KDKBFXC;
				PRODUCT_NAME = "$(TARGET_NAME)";
				SWIFT_VERSION = 4.2;
			};
			name = Debug;
		};
		E5F5AEB21FF69E0B002EAD47 /* Release */ = {
			isa = XCBuildConfiguration;
			buildSettings = {
				CODE_SIGN_STYLE = Automatic;
				DEVELOPMENT_TEAM = N37KDKBFXC;
				PRODUCT_NAME = "$(TARGET_NAME)";
				SWIFT_VERSION = 4.2;
			};
			name = Release;
		};
/* End XCBuildConfiguration section */

/* Begin XCConfigurationList section */
		E5F5AEA41FF69E0B002EAD47 /* Build configuration list for PBXProject "slox" */ = {
			isa = XCConfigurationList;
			buildConfigurations = (
				E5F5AEAE1FF69E0B002EAD47 /* Debug */,
				E5F5AEAF1FF69E0B002EAD47 /* Release */,
			);
			defaultConfigurationIsVisible = 0;
			defaultConfigurationName = Release;
		};
		E5F5AEB01FF69E0B002EAD47 /* Build configuration list for PBXNativeTarget "slox" */ = {
			isa = XCConfigurationList;
			buildConfigurations = (
				E5F5AEB11FF69E0B002EAD47 /* Debug */,
				E5F5AEB21FF69E0B002EAD47 /* Release */,
			);
			defaultConfigurationIsVisible = 0;
			defaultConfigurationName = Release;
		};
/* End XCConfigurationList section */
	};
	rootObject = E5F5AEA11FF69E0B002EAD47 /* Project object */;
}
